
Microsoft Visual Studio Solution File, Format Version 12.00
# Visual Studio 14
VisualStudioVersion = 14.0.25420.1
MinimumVisualStudioVersion = 10.0.40219.1
Project("{FAE04EC0-301F-11D3-BF4B-00C04F79EFBC}") = "BlackJack", "BlackJack\BlackJack.csproj", "{E4C6FFD6-0B52-4066-839D-61271CF7238C}"
EndProject
Project("{FAE04EC0-301F-11D3-BF4B-00C04F79EFBC}") = "BlackJackServer", "BlackJackServer\BlackJackServer.csproj", "{F5DFF916-8BD3-45C7-87B3-CB736F2EBFEB}"
EndProject
Project("{FAE04EC0-301F-11D3-BF4B-00C04F79EFBC}") = "BlackJackClient", "BlackJackClient\BlackJackClient.csproj", "{A8185CFB-AE24-42F8-96B8-36CCF082CC80}"
EndProject
Global
	GlobalSection(SolutionConfigurationPlatforms) = preSolution
		Debug|Any CPU = Debug|Any CPU
		Release|Any CPU = Release|Any CPU
	EndGlobalSection
	GlobalSection(ProjectConfigurationPlatforms) = postSolution
		{E4C6FFD6-0B52-4066-839D-61271CF7238C}.Debug|Any CPU.ActiveCfg = Debug|Any CPU
		{E4C6FFD6-0B52-4066-839D-61271CF7238C}.Debug|Any CPU.Build.0 = Debug|Any CPU
		{E4C6FFD6-0B52-4066-839D-61271CF7238C}.Release|Any CPU.ActiveCfg = Release|Any CPU
		{E4C6FFD6-0B52-4066-839D-61271CF7238C}.Release|Any CPU.Build.0 = Release|Any CPU
		{F5DFF916-8BD3-45C7-87B3-CB736F2EBFEB}.Debug|Any CPU.ActiveCfg = Debug|Any CPU
		{F5DFF916-8BD3-45C7-87B3-CB736F2EBFEB}.Debug|Any CPU.Build.0 = Debug|Any CPU
		{F5DFF916-8BD3-45C7-87B3-CB736F2EBFEB}.Release|Any CPU.ActiveCfg = Release|Any CPU
		{F5DFF916-8BD3-45C7-87B3-CB736F2EBFEB}.Release|Any CPU.Build.0 = Release|Any CPU
		{A8185CFB-AE24-42F8-96B8-36CCF082CC80}.Debug|Any CPU.ActiveCfg = Debug|Any CPU
		{A8185CFB-AE24-42F8-96B8-36CCF082CC80}.Debug|Any CPU.Build.0 = Debug|Any CPU
		{A8185CFB-AE24-42F8-96B8-36CCF082CC80}.Release|Any CPU.ActiveCfg = Release|Any CPU
		{A8185CFB-AE24-42F8-96B8-36CCF082CC80}.Release|Any CPU.Build.0 = Release|Any CPU
	EndGlobalSection
	GlobalSection(SolutionProperties) = preSolution
		HideSolutionNode = FALSE
	EndGlobalSection
EndGlobal
